// !$*UTF8*$!
{
	archiveVersion = 1;
	classes = {
	};
	objectVersion = 50;
	objects = {

/* Begin PBXBuildFile section */
		C32DA264250CDF5300BF89BF /* AppDelegate.swift in Sources */ = {isa = PBXBuildFile; fileRef = C32DA263250CDF5300BF89BF /* AppDelegate.swift */; };
		C32DA266250CDF5300BF89BF /* SceneDelegate.swift in Sources */ = {isa = PBXBuildFile; fileRef = C32DA265250CDF5300BF89BF /* SceneDelegate.swift */; };
		C32DA268250CDF5300BF89BF /* ViewController.swift in Sources */ = {isa = PBXBuildFile; fileRef = C32DA267250CDF5300BF89BF /* ViewController.swift */; };
		C32DA26B250CDF5300BF89BF /* Main.storyboard in Resources */ = {isa = PBXBuildFile; fileRef = C32DA269250CDF5300BF89BF /* Main.storyboard */; };
		C32DA26D250CDF5900BF89BF /* Assets.xcassets in Resources */ = {isa = PBXBuildFile; fileRef = C32DA26C250CDF5900BF89BF /* Assets.xcassets */; };
		C32DA270250CDF5900BF89BF /* LaunchScreen.storyboard in Resources */ = {isa = PBXBuildFile; fileRef = C32DA26E250CDF5900BF89BF /* LaunchScreen.storyboard */; };
/* End PBXBuildFile section */

/* Begin PBXFileReference section */
		C32DA260250CDF5300BF89BF /* Plannery-app.app */ = {isa = PBXFileReference; explicitFileType = wrapper.application; includeInIndex = 0; path = "Plannery-app.app"; sourceTree = BUILT_PRODUCTS_DIR; };
		C32DA263250CDF5300BF89BF /* AppDelegate.swift */ = {isa = PBXFileReference; lastKnownFileType = sourcecode.swift; path = AppDelegate.swift; sourceTree = "<group>"; };
		C32DA265250CDF5300BF89BF /* SceneDelegate.swift */ = {isa = PBXFileReference; lastKnownFileType = sourcecode.swift; path = SceneDelegate.swift; sourceTree = "<group>"; };
		C32DA267250CDF5300BF89BF /* ViewController.swift */ = {isa = PBXFileReference; lastKnownFileType = sourcecode.swift; path = ViewController.swift; sourceTree = "<group>"; };
		C32DA26A250CDF5300BF89BF /* Base */ = {isa = PBXFileReference; lastKnownFileType = file.storyboard; name = Base; path = Base.lproj/Main.storyboard; sourceTree = "<group>"; };
		C32DA26C250CDF5900BF89BF /* Assets.xcassets */ = {isa = PBXFileReference; lastKnownFileType = folder.assetcatalog; path = Assets.xcassets; sourceTree = "<group>"; };
		C32DA26F250CDF5900BF89BF /* Base */ = {isa = PBXFileReference; lastKnownFileType = file.storyboard; name = Base; path = Base.lproj/LaunchScreen.storyboard; sourceTree = "<group>"; };
		C32DA271250CDF5900BF89BF /* Info.plist */ = {isa = PBXFileReference; lastKnownFileType = text.plist.xml; path = Info.plist; sourceTree = "<group>"; };
/* End PBXFileReference section */

/* Begin PBXFrameworksBuildPhase section */
		C32DA25D250CDF5300BF89BF /* Frameworks */ = {
			isa = PBXFrameworksBuildPhase;
			buildActionMask = 2147483647;
			files = (
			);
			runOnlyForDeploymentPostprocessing = 0;
		};
/* End PBXFrameworksBuildPhase section */

/* Begin PBXGroup section */
		C32DA257250CDF5300BF89BF = {
			isa = PBXGroup;
			children = (
				C32DA262250CDF5300BF89BF /* Plannery-app */,
				C32DA261250CDF5300BF89BF /* Products */,
			);
			sourceTree = "<group>";
		};
		C32DA261250CDF5300BF89BF /* Products */ = {
			isa = PBXGroup;
			children = (
				C32DA260250CDF5300BF89BF /* Plannery-app.app */,
			);
			name = Products;
			sourceTree = "<group>";
		};
		C32DA262250CDF5300BF89BF /* Plannery-app */ = {
			isa = PBXGroup;
			children = (
				C32DA263250CDF5300BF89BF /* AppDelegate.swift */,
				C32DA265250CDF5300BF89BF /* SceneDelegate.swift */,
				C32DA267250CDF5300BF89BF /* ViewController.swift */,
				C32DA269250CDF5300BF89BF /* Main.storyboard */,
				C32DA26C250CDF5900BF89BF /* Assets.xcassets */,
				C32DA26E250CDF5900BF89BF /* LaunchScreen.storyboard */,
				C32DA271250CDF5900BF89BF /* Info.plist */,
			);
			path = "Plannery-app";
			sourceTree = "<group>";
		};
/* End PBXGroup section */

/* Begin PBXNativeTarget section */
		C32DA25F250CDF5300BF89BF /* Plannery-app */ = {
			isa = PBXNativeTarget;
			buildConfigurationList = C32DA274250CDF5900BF89BF /* Build configuration list for PBXNativeTarget "Plannery-app" */;
			buildPhases = (
				C32DA25C250CDF5300BF89BF /* Sources */,
				C32DA25D250CDF5300BF89BF /* Frameworks */,
				C32DA25E250CDF5300BF89BF /* Resources */,
			);
			buildRules = (
			);
			dependencies = (
			);
			name = "Plannery-app";
			productName = "Plannery-app";
			productReference = C32DA260250CDF5300BF89BF /* Plannery-app.app */;
			productType = "com.apple.product-type.application";
		};
/* End PBXNativeTarget section */

/* Begin PBXProject section */
		C32DA258250CDF5300BF89BF /* Project object */ = {
			isa = PBXProject;
			attributes = {
				LastSwiftUpdateCheck = 1150;
				LastUpgradeCheck = 1150;
				ORGANIZATIONNAME = "Dewa Prabawa";
				TargetAttributes = {
					C32DA25F250CDF5300BF89BF = {
						CreatedOnToolsVersion = 11.5;
					};
				};
			};
			buildConfigurationList = C32DA25B250CDF5300BF89BF /* Build configuration list for PBXProject "Plannery-app" */;
			compatibilityVersion = "Xcode 9.3";
			developmentRegion = en;
			hasScannedForEncodings = 0;
			knownRegions = (
				en,
				Base,
			);
			mainGroup = C32DA257250CDF5300BF89BF;
			productRefGroup = C32DA261250CDF5300BF89BF /* Products */;
			projectDirPath = "";
			projectRoot = "";
			targets = (
				C32DA25F250CDF5300BF89BF /* Plannery-app */,
			);
		};
/* End PBXProject section */

/* Begin PBXResourcesBuildPhase section */
		C32DA25E250CDF5300BF89BF /* Resources */ = {
			isa = PBXResourcesBuildPhase;
			buildActionMask = 2147483647;
			files = (
				C32DA270250CDF5900BF89BF /* LaunchScreen.storyboard in Resources */,
				C32DA26D250CDF5900BF89BF /* Assets.xcassets in Resources */,
				C32DA26B250CDF5300BF89BF /* Main.storyboard in Resources */,
			);
			runOnlyForDeploymentPostprocessing = 0;
		};
/* End PBXResourcesBuildPhase section */

/* Begin PBXSourcesBuildPhase section */
		C32DA25C250CDF5300BF89BF /* Sources */ = {
			isa = PBXSourcesBuildPhase;
			buildActionMask = 2147483647;
			files = (
				C32DA268250CDF5300BF89BF /* ViewController.swift in Sources */,
				C32DA264250CDF5300BF89BF /* AppDelegate.swift in Sources */,
				C32DA266250CDF5300BF89BF /* SceneDelegate.swift in Sources */,
			);
			runOnlyForDeploymentPostprocessing = 0;
		};
/* End PBXSourcesBuildPhase section */

/* Begin PBXVariantGroup section */
		C32DA269250CDF5300BF89BF /* Main.storyboard */ = {
			isa = PBXVariantGroup;
			children = (
				C32DA26A250CDF5300BF89BF /* Base */,
			);
			name = Main.storyboard;
			sourceTree = "<group>";
		};
		C32DA26E250CDF5900BF89BF /* LaunchScreen.storyboard */ = {
			isa = PBXVariantGroup;
			children = (
				C32DA26F250CDF5900BF89BF /* Base */,
			);
			name = LaunchScreen.storyboard;
			sourceTree = "<group>";
		};
/* End PBXVariantGroup section */

/* Begin XCBuildConfiguration section */
		C32DA272250CDF5900BF89BF /* Debug */ = {
			isa = XCBuildConfiguration;
			buildSettings = {
				ALWAYS_SEARCH_USER_PATHS = NO;
				CLANG_ANALYZER_NONNULL = YES;
				CLANG_ANALYZER_NUMBER_OBJECT_CONVERSION = YES_AGGRESSIVE;
				CLANG_CXX_LANGUAGE_STANDARD = "gnu++14";
				CLANG_CXX_LIBRARY = "libc++";
				CLANG_ENABLE_MODULES = YES;
				CLANG_ENABLE_OBJC_ARC = YES;
				CLANG_ENABLE_OBJC_WEAK = YES;
				CLANG_WARN_BLOCK_CAPTURE_AUTORELEASING = YES;
				CLANG_WARN_BOOL_CONVERSION = YES;
				CLANG_WARN_COMMA = YES;
				CLANG_WARN_CONSTANT_CONVERSION = YES;
				CLANG_WARN_DEPRECATED_OBJC_IMPLEMENTATIONS = YES;
				CLANG_WARN_DIRECT_OBJC_ISA_USAGE = YES_ERROR;
				CLANG_WARN_DOCUMENTATION_COMMENTS = YES;
				CLANG_WARN_EMPTY_BODY = YES;
				CLANG_WARN_ENUM_CONVERSION = YES;
				CLANG_WARN_INFINITE_RECURSION = YES;
				CLANG_WARN_INT_CONVERSION = YES;
				CLANG_WARN_NON_LITERAL_NULL_CONVERSION = YES;
				CLANG_WARN_OBJC_IMPLICIT_RETAIN_SELF = YES;
				CLANG_WARN_OBJC_LITERAL_CONVERSION = YES;
				CLANG_WARN_OBJC_ROOT_CLASS = YES_ERROR;
				CLANG_WARN_RANGE_LOOP_ANALYSIS = YES;
				CLANG_WARN_STRICT_PROTOTYPES = YES;
				CLANG_WARN_SUSPICIOUS_MOVE = YES;
				CLANG_WARN_UNGUARDED_AVAILABILITY = YES_AGGRESSIVE;
				CLANG_WARN_UNREACHABLE_CODE = YES;
				CLANG_WARN__DUPLICATE_METHOD_MATCH = YES;
				COPY_PHASE_STRIP = NO;
				DEBUG_INFORMATION_FORMAT = dwarf;
				ENABLE_STRICT_OBJC_MSGSEND = YES;
				ENABLE_TESTABILITY = YES;
				GCC_C_LANGUAGE_STANDARD = gnu11;
				GCC_DYNAMIC_NO_PIC = NO;
				GCC_NO_COMMON_BLOCKS = YES;
				GCC_OPTIMIZATION_LEVEL = 0;
				GCC_PREPROCESSOR_DEFINITIONS = (
					"DEBUG=1",
					"$(inherited)",
				);
				GCC_WARN_64_TO_32_BIT_CONVERSION = YES;
				GCC_WARN_ABOUT_RETURN_TYPE = YES_ERROR;
				GCC_WARN_UNDECLARED_SELECTOR = YES;
				GCC_WARN_UNINITIALIZED_AUTOS = YES_AGGRESSIVE;
				GCC_WARN_UNUSED_FUNCTION = YES;
				GCC_WARN_UNUSED_VARIABLE = YES;
				IPHONEOS_DEPLOYMENT_TARGET = 13.5;
				MTL_ENABLE_DEBUG_INFO = INCLUDE_SOURCE;
				MTL_FAST_MATH = YES;
				ONLY_ACTIVE_ARCH = YES;
				SDKROOT = iphoneos;
				SWIFT_ACTIVE_COMPILATION_CONDITIONS = DEBUG;
				SWIFT_OPTIMIZATION_LEVEL = "-Onone";
			};
			name = Debug;
		};
		C32DA273250CDF5900BF89BF /* Release */ = {
			isa = XCBuildConfiguration;
			buildSettings = {
				ALWAYS_SEARCH_USER_PATHS = NO;
				CLANG_ANALYZER_NONNULL = YES;
				CLANG_ANALYZER_NUMBER_OBJECT_CONVERSION = YES_AGGRESSIVE;
				CLANG_CXX_LANGUAGE_STANDARD = "gnu++14";
				CLANG_CXX_LIBRARY = "libc++";
				CLANG_ENABLE_MODULES = YES;
				CLANG_ENABLE_OBJC_ARC = YES;
				CLANG_ENABLE_OBJC_WEAK = YES;
				CLANG_WARN_BLOCK_CAPTURE_AUTORELEASING = YES;
				CLANG_WARN_BOOL_CONVERSION = YES;
				CLANG_WARN_COMMA = YES;
				CLANG_WARN_CONSTANT_CONVERSION = YES;
				CLANG_WARN_DEPRECATED_OBJC_IMPLEMENTATIONS = YES;
				CLANG_WARN_DIRECT_OBJC_ISA_USAGE = YES_ERROR;
				CLANG_WARN_DOCUMENTATION_COMMENTS = YES;
				CLANG_WARN_EMPTY_BODY = YES;
				CLANG_WARN_ENUM_CONVERSION = YES;
				CLANG_WARN_INFINITE_RECURSION = YES;
				CLANG_WARN_INT_CONVERSION = YES;
				CLANG_WARN_NON_LITERAL_NULL_CONVERSION = YES;
				CLANG_WARN_OBJC_IMPLICIT_RETAIN_SELF = YES;
				CLANG_WARN_OBJC_LITERAL_CONVERSION = YES;
				CLANG_WARN_OBJC_ROOT_CLASS = YES_ERROR;
				CLANG_WARN_RANGE_LOOP_ANALYSIS = YES;
				CLANG_WARN_STRICT_PROTOTYPES = YES;
				CLANG_WARN_SUSPICIOUS_MOVE = YES;
				CLANG_WARN_UNGUARDED_AVAILABILITY = YES_AGGRESSIVE;
				CLANG_WARN_UNREACHABLE_CODE = YES;
				CLANG_WARN__DUPLICATE_METHOD_MATCH = YES;
				COPY_PHASE_STRIP = NO;
				DEBUG_INFORMATION_FORMAT = "dwarf-with-dsym";
				ENABLE_NS_ASSERTIONS = NO;
				ENABLE_STRICT_OBJC_MSGSEND = YES;
				GCC_C_LANGUAGE_STANDARD = gnu11;
				GCC_NO_COMMON_BLOCKS = YES;
				GCC_WARN_64_TO_32_BIT_CONVERSION = YES;
				GCC_WARN_ABOUT_RETURN_TYPE = YES_ERROR;
				GCC_WARN_UNDECLARED_SELECTOR = YES;
				GCC_WARN_UNINITIALIZED_AUTOS = YES_AGGRESSIVE;
				GCC_WARN_UNUSED_FUNCTION = YES;
				GCC_WARN_UNUSED_VARIABLE = YES;
				IPHONEOS_DEPLOYMENT_TARGET = 13.5;
				MTL_ENABLE_DEBUG_INFO = NO;
				MTL_FAST_MATH = YES;
				SDKROOT = iphoneos;
				SWIFT_COMPILATION_MODE = wholemodule;
				SWIFT_OPTIMIZATION_LEVEL = "-O";
				VALIDATE_PRODUCT = YES;
			};
			name = Release;
		};
		C32DA275250CDF5900BF89BF /* Debug */ = {
			isa = XCBuildConfiguration;
			buildSettings = {
				ASSETCATALOG_COMPILER_APPICON_NAME = AppIcon;
				CODE_SIGN_STYLE = Automatic;
				INFOPLIST_FILE = "Plannery-app/Info.plist";
				LD_RUNPATH_SEARCH_PATHS = (
					"$(inherited)",
					"@executable_path/Frameworks",
				);
				PRODUCT_BUNDLE_IDENTIFIER = "Dewaprabawa.Plannery-app";
				PRODUCT_NAME = "$(TARGET_NAME)";
				SWIFT_VERSION = 5.0;
				TARGETED_DEVICE_FAMILY = "1,2";
			};
			name = Debug;
		};
		C32DA276250CDF5900BF89BF /* Release */ = {
			isa = XCBuildConfiguration;
			buildSettings = {
				ASSETCATALOG_COMPILER_APPICON_NAME = AppIcon;
				CODE_SIGN_STYLE = Automatic;
				INFOPLIST_FILE = "Plannery-app/Info.plist";
				LD_RUNPATH_SEARCH_PATHS = (
					"$(inherited)",
					"@executable_path/Frameworks",
				);
				PRODUCT_BUNDLE_IDENTIFIER = "Dewaprabawa.Plannery-app";
				PRODUCT_NAME = "$(TARGET_NAME)";
				SWIFT_VERSION = 5.0;
				TARGETED_DEVICE_FAMILY = "1,2";
			};
			name = Release;
		};
/* End XCBuildConfiguration section */

/* Begin XCConfigurationList section */
		C32DA25B250CDF5300BF89BF /* Build configuration list for PBXProject "Plannery-app" */ = {
			isa = XCConfigurationList;
			buildConfigurations = (
				C32DA272250CDF5900BF89BF /* Debug */,
				C32DA273250CDF5900BF89BF /* Release */,
			);
			defaultConfigurationIsVisible = 0;
			defaultConfigurationName = Release;
		};
		C32DA274250CDF5900BF89BF /* Build configuration list for PBXNativeTarget "Plannery-app" */ = {
			isa = XCConfigurationList;
			buildConfigurations = (
				C32DA275250CDF5900BF89BF /* Debug */,
				C32DA276250CDF5900BF89BF /* Release */,
			);
			defaultConfigurationIsVisible = 0;
			defaultConfigurationName = Release;
		};
/* End XCConfigurationList section */
	};
	rootObject = C32DA258250CDF5300BF89BF /* Project object */;
}
